{
	"name": "~TODO~",
	"version": "0.0.1",
	"lockfileVersion": 2,
	"requires": true,
	"packages": {
		"": {
			"name": "~TODO~",
			"version": "0.0.1",
			"dependencies": {
				"mapbox-gl": "^2.13.0"
			}
		},
		"node_modules/@mapbox/geojson-rewind": {
			"version": "0.5.2",
			"resolved": "https://registry.npmjs.org/@mapbox/geojson-rewind/-/geojson-rewind-0.5.2.tgz",
			"integrity": "sha512-tJaT+RbYGJYStt7wI3cq4Nl4SXxG8W7JDG5DMJu97V25RnbNg3QtQtf+KD+VLjNpWKYsRvXDNmNrBgEETr1ifA==",
			"dependencies": {
				"get-stream": "^6.0.1",
				"minimist": "^1.2.6"
			},
			"bin": {
				"geojson-rewind": "geojson-rewind"
			}
		},
		"node_modules/@mapbox/jsonlint-lines-primitives": {
			"version": "2.0.2",
			"resolved": "https://registry.npmjs.org/@mapbox/jsonlint-lines-primitives/-/jsonlint-lines-primitives-2.0.2.tgz",
			"integrity": "sha512-rY0o9A5ECsTQRVhv7tL/OyDpGAoUB4tTvLiW1DSzQGq4bvTPhNw1VpSNjDJc5GFZ2XuyOtSWSVN05qOtcD71qQ==",
			"engines": {
				"node": ">= 0.6"
			}
		},
		"node_modules/@mapbox/mapbox-gl-supported": {
			"version": "2.0.1",
			"resolved": "https://registry.npmjs.org/@mapbox/mapbox-gl-supported/-/mapbox-gl-supported-2.0.1.tgz",
			"integrity": "sha512-HP6XvfNIzfoMVfyGjBckjiAOQK9WfX0ywdLubuPMPv+Vqf5fj0uCbgBQYpiqcWZT6cbyyRnTSXDheT1ugvF6UQ=="
		},
		"node_modules/@mapbox/point-geometry": {
			"version": "0.1.0",
			"resolved": "https://registry.npmjs.org/@mapbox/point-geometry/-/point-geometry-0.1.0.tgz",
			"integrity": "sha512-6j56HdLTwWGO0fJPlrZtdU/B13q8Uwmo18Ck2GnGgN9PCFyKTZ3UbXeEdRFh18i9XQ92eH2VdtpJHpBD3aripQ=="
		},
		"node_modules/@mapbox/tiny-sdf": {
			"version": "2.0.6",
			"resolved": "https://registry.npmjs.org/@mapbox/tiny-sdf/-/tiny-sdf-2.0.6.tgz",
			"integrity": "sha512-qMqa27TLw+ZQz5Jk+RcwZGH7BQf5G/TrutJhspsca/3SHwmgKQ1iq+d3Jxz5oysPVYTGP6aXxCo5Lk9Er6YBAA=="
		},
		"node_modules/@mapbox/unitbezier": {
			"version": "0.0.1",
			"resolved": "https://registry.npmjs.org/@mapbox/unitbezier/-/unitbezier-0.0.1.tgz",
			"integrity": "sha512-nMkuDXFv60aBr9soUG5q+GvZYL+2KZHVvsqFCzqnkGEf46U2fvmytHaEVc1/YZbiLn8X+eR3QzX1+dwDO1lxlw=="
		},
		"node_modules/@mapbox/vector-tile": {
			"version": "1.3.1",
			"resolved": "https://registry.npmjs.org/@mapbox/vector-tile/-/vector-tile-1.3.1.tgz",
			"integrity": "sha512-MCEddb8u44/xfQ3oD+Srl/tNcQoqTw3goGk2oLsrFxOTc3dUp+kAnby3PvAeeBYSMSjSPD1nd1AJA6W49WnoUw==",
			"dependencies": {
				"@mapbox/point-geometry": "~0.1.0"
			}
		},
		"node_modules/@mapbox/whoots-js": {
			"version": "3.1.0",
			"resolved": "https://registry.npmjs.org/@mapbox/whoots-js/-/whoots-js-3.1.0.tgz",
			"integrity": "sha512-Es6WcD0nO5l+2BOQS4uLfNPYQaNDfbot3X1XUoloz+x0mPDS3eeORZJl06HXjwBG1fOGwCRnzK88LMdxKRrd6Q==",
			"engines": {
				"node": ">=6.0.0"
			}
		},
		"node_modules/csscolorparser": {
			"version": "1.0.3",
			"resolved": "https://registry.npmjs.org/csscolorparser/-/csscolorparser-1.0.3.tgz",
			"integrity": "sha512-umPSgYwZkdFoUrH5hIq5kf0wPSXiro51nPw0j2K/c83KflkPSTBGMz6NJvMB+07VlL0y7VPo6QJcDjcgKTTm3w=="
		},
		"node_modules/earcut": {
			"version": "2.2.4",
			"resolved": "https://registry.npmjs.org/earcut/-/earcut-2.2.4.tgz",
			"integrity": "sha512-/pjZsA1b4RPHbeWZQn66SWS8nZZWLQQ23oE3Eam7aroEFGEvwKAsJfZ9ytiEMycfzXWpca4FA9QIOehf7PocBQ=="
		},
		"node_modules/geojson-vt": {
			"version": "3.2.1",
			"resolved": "https://registry.npmjs.org/geojson-vt/-/geojson-vt-3.2.1.tgz",
			"integrity": "sha512-EvGQQi/zPrDA6zr6BnJD/YhwAkBP8nnJ9emh3EnHQKVMfg/MRVtPbMYdgVy/IaEmn4UfagD2a6fafPDL5hbtwg=="
		},
		"node_modules/get-stream": {
			"version": "6.0.1",
			"resolved": "https://registry.npmjs.org/get-stream/-/get-stream-6.0.1.tgz",
			"integrity": "sha512-ts6Wi+2j3jQjqi70w5AlN8DFnkSwC+MqmxEzdEALB2qXZYV3X/b1CTfgPLGJNMeAWxdPfU8FO1ms3NUfaHCPYg==",
			"engines": {
				"node": ">=10"
			},
			"funding": {
				"url": "https://github.com/sponsors/sindresorhus"
			}
		},
		"node_modules/gl-matrix": {
			"version": "3.4.3",
			"resolved": "https://registry.npmjs.org/gl-matrix/-/gl-matrix-3.4.3.tgz",
			"integrity": "sha512-wcCp8vu8FT22BnvKVPjXa/ICBWRq/zjFfdofZy1WSpQZpphblv12/bOQLBC1rMM7SGOFS9ltVmKOHil5+Ml7gA=="
		},
		"node_modules/grid-index": {
			"version": "1.1.0",
			"resolved": "https://registry.npmjs.org/grid-index/-/grid-index-1.1.0.tgz",
			"integrity": "sha512-HZRwumpOGUrHyxO5bqKZL0B0GlUpwtCAzZ42sgxUPniu33R1LSFH5yrIcBCHjkctCAh3mtWKcKd9J4vDDdeVHA=="
		},
		"node_modules/ieee754": {
			"version": "1.2.1",
			"resolved": "https://registry.npmjs.org/ieee754/-/ieee754-1.2.1.tgz",
			"integrity": "sha512-dcyqhDvX1C46lXZcVqCpK+FtMRQVdIMN6/Df5js2zouUsqG7I6sFxitIC+7KYK29KdXOLHdu9zL4sFnoVQnqaA==",
			"funding": [
				{
					"type": "github",
					"url": "https://github.com/sponsors/feross"
				},
				{
					"type": "patreon",
					"url": "https://www.patreon.com/feross"
				},
				{
					"type": "consulting",
					"url": "https://feross.org/support"
				}
			]
		},
		"node_modules/kdbush": {
			"version": "3.0.0",
			"resolved": "https://registry.npmjs.org/kdbush/-/kdbush-3.0.0.tgz",
			"integrity": "sha512-hRkd6/XW4HTsA9vjVpY9tuXJYLSlelnkTmVFu4M9/7MIYQtFcHpbugAU7UbOfjOiVSVYl2fqgBuJ32JUmRo5Ew=="
		},
		"node_modules/mapbox-gl": {
			"version": "2.13.0",
			"resolved": "https://registry.npmjs.org/mapbox-gl/-/mapbox-gl-2.13.0.tgz",
			"integrity": "sha512-G8pU1/I9HC7xNbhKPKFtRkdUDkWJBNbYPMeRjBig3lPaYtvHPIaFmXMR6BDyZ/gnwodElrwMZGdGsoH8kecX8w==",
			"dependencies": {
				"@mapbox/geojson-rewind": "^0.5.2",
				"@mapbox/jsonlint-lines-primitives": "^2.0.2",
				"@mapbox/mapbox-gl-supported": "^2.0.1",
				"@mapbox/point-geometry": "^0.1.0",
				"@mapbox/tiny-sdf": "^2.0.6",
				"@mapbox/unitbezier": "^0.0.1",
				"@mapbox/vector-tile": "^1.3.1",
				"@mapbox/whoots-js": "^3.1.0",
				"csscolorparser": "~1.0.3",
				"earcut": "^2.2.4",
				"geojson-vt": "^3.2.1",
				"gl-matrix": "^3.4.3",
				"grid-index": "^1.1.0",
				"murmurhash-js": "^1.0.0",
				"pbf": "^3.2.1",
				"potpack": "^2.0.0",
				"quickselect": "^2.0.0",
				"rw": "^1.3.3",
				"supercluster": "^7.1.5",
				"tinyqueue": "^2.0.3",
				"vt-pbf": "^3.1.3"
			}
		},
		"node_modules/minimist": {
			"version": "1.2.8",
			"resolved": "https://registry.npmjs.org/minimist/-/minimist-1.2.8.tgz",
			"integrity": "sha512-2yyAR8qBkN3YuheJanUpWC5U3bb5osDywNB8RzDVlDwDHbocAJveqqj1u8+SVD7jkWT4yvsHCpWqqWqAxb0zCA==",
			"funding": {
				"url": "https://github.com/sponsors/ljharb"
			}
		},
		"node_modules/murmurhash-js": {
			"version": "1.0.0",
			"resolved": "https://registry.npmjs.org/murmurhash-js/-/murmurhash-js-1.0.0.tgz",
			"integrity": "sha512-TvmkNhkv8yct0SVBSy+o8wYzXjE4Zz3PCesbfs8HiCXXdcTuocApFv11UWlNFWKYsP2okqrhb7JNlSm9InBhIw=="
		},
		"node_modules/pbf": {
			"version": "3.2.1",
			"resolved": "https://registry.npmjs.org/pbf/-/pbf-3.2.1.tgz",
			"integrity": "sha512-ClrV7pNOn7rtmoQVF4TS1vyU0WhYRnP92fzbfF75jAIwpnzdJXf8iTd4CMEqO4yUenH6NDqLiwjqlh6QgZzgLQ==",
			"dependencies": {
				"ieee754": "^1.1.12",
				"resolve-protobuf-schema": "^2.1.0"
			},
			"bin": {
				"pbf": "bin/pbf"
			}
		},
		"node_modules/potpack": {
			"version": "2.0.0",
			"resolved": "https://registry.npmjs.org/potpack/-/potpack-2.0.0.tgz",
			"integrity": "sha512-Q+/tYsFU9r7xoOJ+y/ZTtdVQwTWfzjbiXBDMM/JKUux3+QPP02iUuIoeBQ+Ot6oEDlC+/PGjB/5A3K7KKb7hcw=="
		},
		"node_modules/protocol-buffers-schema": {
			"version": "3.6.0",
			"resolved": "https://registry.npmjs.org/protocol-buffers-schema/-/protocol-buffers-schema-3.6.0.tgz",
			"integrity": "sha512-TdDRD+/QNdrCGCE7v8340QyuXd4kIWIgapsE2+n/SaGiSSbomYl4TjHlvIoCWRpE7wFt02EpB35VVA2ImcBVqw=="
		},
		"node_modules/quickselect": {
			"version": "2.0.0",
			"resolved": "https://registry.npmjs.org/quickselect/-/quickselect-2.0.0.tgz",
			"integrity": "sha512-RKJ22hX8mHe3Y6wH/N3wCM6BWtjaxIyyUIkpHOvfFnxdI4yD4tBXEBKSbriGujF6jnSVkJrffuo6vxACiSSxIw=="
		},
		"node_modules/resolve-protobuf-schema": {
			"version": "2.1.0",
			"resolved": "https://registry.npmjs.org/resolve-protobuf-schema/-/resolve-protobuf-schema-2.1.0.tgz",
			"integrity": "sha512-kI5ffTiZWmJaS/huM8wZfEMer1eRd7oJQhDuxeCLe3t7N7mX3z94CN0xPxBQxFYQTSNz9T0i+v6inKqSdK8xrQ==",
			"dependencies": {
				"protocol-buffers-schema": "^3.3.1"
			}
		},
		"node_modules/rw": {
			"version": "1.3.3",
			"resolved": "https://registry.npmjs.org/rw/-/rw-1.3.3.tgz",
			"integrity": "sha512-PdhdWy89SiZogBLaw42zdeqtRJ//zFd2PgQavcICDUgJT5oW10QCRKbJ6bg4r0/UY2M6BWd5tkxuGFRvCkgfHQ=="
		},
		"node_modules/supercluster": {
			"version": "7.1.5",
			"resolved": "https://registry.npmjs.org/supercluster/-/supercluster-7.1.5.tgz",
			"integrity": "sha512-EulshI3pGUM66o6ZdH3ReiFcvHpM3vAigyK+vcxdjpJyEbIIrtbmBdY23mGgnI24uXiGFvrGq9Gkum/8U7vJWg==",
			"dependencies": {
				"kdbush": "^3.0.0"
			}
		},
		"node_modules/tinyqueue": {
			"version": "2.0.3",
			"resolved": "https://registry.npmjs.org/tinyqueue/-/tinyqueue-2.0.3.tgz",
			"integrity": "sha512-ppJZNDuKGgxzkHihX8v9v9G5f+18gzaTfrukGrq6ueg0lmH4nqVnA2IPG0AEH3jKEk2GRJCUhDoqpoiw3PHLBA=="
		},
		"node_modules/vt-pbf": {
			"version": "3.1.3",
			"resolved": "https://registry.npmjs.org/vt-pbf/-/vt-pbf-3.1.3.tgz",
			"integrity": "sha512-2LzDFzt0mZKZ9IpVF2r69G9bXaP2Q2sArJCmcCgvfTdCCZzSyz4aCLoQyUilu37Ll56tCblIZrXFIjNUpGIlmA==",
			"dependencies": {
				"@mapbox/point-geometry": "0.1.0",
				"@mapbox/vector-tile": "^1.3.1",
				"pbf": "^3.2.1"
			}
		}
	},
	"dependencies": {
		"@mapbox/geojson-rewind": {
			"version": "0.5.2",
			"resolved": "https://registry.npmjs.org/@mapbox/geojson-rewind/-/geojson-rewind-0.5.2.tgz",
			"integrity": "sha512-tJaT+RbYGJYStt7wI3cq4Nl4SXxG8W7JDG5DMJu97V25RnbNg3QtQtf+KD+VLjNpWKYsRvXDNmNrBgEETr1ifA==",
			"requires": {
				"get-stream": "^6.0.1",
				"minimist": "^1.2.6"
			}
		},
		"@mapbox/jsonlint-lines-primitives": {
			"version": "2.0.2",
			"resolved": "https://registry.npmjs.org/@mapbox/jsonlint-lines-primitives/-/jsonlint-lines-primitives-2.0.2.tgz",
			"integrity": "sha512-rY0o9A5ECsTQRVhv7tL/OyDpGAoUB4tTvLiW1DSzQGq4bvTPhNw1VpSNjDJc5GFZ2XuyOtSWSVN05qOtcD71qQ=="
		},
		"@mapbox/mapbox-gl-supported": {
			"version": "2.0.1",
			"resolved": "https://registry.npmjs.org/@mapbox/mapbox-gl-supported/-/mapbox-gl-supported-2.0.1.tgz",
			"integrity": "sha512-HP6XvfNIzfoMVfyGjBckjiAOQK9WfX0ywdLubuPMPv+Vqf5fj0uCbgBQYpiqcWZT6cbyyRnTSXDheT1ugvF6UQ=="
		},
		"@mapbox/point-geometry": {
			"version": "0.1.0",
			"resolved": "https://registry.npmjs.org/@mapbox/point-geometry/-/point-geometry-0.1.0.tgz",
			"integrity": "sha512-6j56HdLTwWGO0fJPlrZtdU/B13q8Uwmo18Ck2GnGgN9PCFyKTZ3UbXeEdRFh18i9XQ92eH2VdtpJHpBD3aripQ=="
		},
		"@mapbox/tiny-sdf": {
			"version": "2.0.6",
			"resolved": "https://registry.npmjs.org/@mapbox/tiny-sdf/-/tiny-sdf-2.0.6.tgz",
			"integrity": "sha512-qMqa27TLw+ZQz5Jk+RcwZGH7BQf5G/TrutJhspsca/3SHwmgKQ1iq+d3Jxz5oysPVYTGP6aXxCo5Lk9Er6YBAA=="
		},
		"@mapbox/unitbezier": {
			"version": "0.0.1",
			"resolved": "https://registry.npmjs.org/@mapbox/unitbezier/-/unitbezier-0.0.1.tgz",
			"integrity": "sha512-nMkuDXFv60aBr9soUG5q+GvZYL+2KZHVvsqFCzqnkGEf46U2fvmytHaEVc1/YZbiLn8X+eR3QzX1+dwDO1lxlw=="
		},
		"@mapbox/vector-tile": {
			"version": "1.3.1",
			"resolved": "https://registry.npmjs.org/@mapbox/vector-tile/-/vector-tile-1.3.1.tgz",
			"integrity": "sha512-MCEddb8u44/xfQ3oD+Srl/tNcQoqTw3goGk2oLsrFxOTc3dUp+kAnby3PvAeeBYSMSjSPD1nd1AJA6W49WnoUw==",
			"requires": {
				"@mapbox/point-geometry": "~0.1.0"
			}
		},
		"@mapbox/whoots-js": {
			"version": "3.1.0",
			"resolved": "https://registry.npmjs.org/@mapbox/whoots-js/-/whoots-js-3.1.0.tgz",
			"integrity": "sha512-Es6WcD0nO5l+2BOQS4uLfNPYQaNDfbot3X1XUoloz+x0mPDS3eeORZJl06HXjwBG1fOGwCRnzK88LMdxKRrd6Q=="
		},
		"csscolorparser": {
			"version": "1.0.3",
			"resolved": "https://registry.npmjs.org/csscolorparser/-/csscolorparser-1.0.3.tgz",
			"integrity": "sha512-umPSgYwZkdFoUrH5hIq5kf0wPSXiro51nPw0j2K/c83KflkPSTBGMz6NJvMB+07VlL0y7VPo6QJcDjcgKTTm3w=="
		},
		"earcut": {
			"version": "2.2.4",
			"resolved": "https://registry.npmjs.org/earcut/-/earcut-2.2.4.tgz",
			"integrity": "sha512-/pjZsA1b4RPHbeWZQn66SWS8nZZWLQQ23oE3Eam7aroEFGEvwKAsJfZ9ytiEMycfzXWpca4FA9QIOehf7PocBQ=="
		},
		"geojson-vt": {
			"version": "3.2.1",
			"resolved": "https://registry.npmjs.org/geojson-vt/-/geojson-vt-3.2.1.tgz",
			"integrity": "sha512-EvGQQi/zPrDA6zr6BnJD/YhwAkBP8nnJ9emh3EnHQKVMfg/MRVtPbMYdgVy/IaEmn4UfagD2a6fafPDL5hbtwg=="
		},
		"get-stream": {
			"version": "6.0.1",
			"resolved": "https://registry.npmjs.org/get-stream/-/get-stream-6.0.1.tgz",
			"integrity": "sha512-ts6Wi+2j3jQjqi70w5AlN8DFnkSwC+MqmxEzdEALB2qXZYV3X/b1CTfgPLGJNMeAWxdPfU8FO1ms3NUfaHCPYg=="
		},
		"gl-matrix": {
			"version": "3.4.3",
			"resolved": "https://registry.npmjs.org/gl-matrix/-/gl-matrix-3.4.3.tgz",
			"integrity": "sha512-wcCp8vu8FT22BnvKVPjXa/ICBWRq/zjFfdofZy1WSpQZpphblv12/bOQLBC1rMM7SGOFS9ltVmKOHil5+Ml7gA=="
		},
		"grid-index": {
			"version": "1.1.0",
			"resolved": "https://registry.npmjs.org/grid-index/-/grid-index-1.1.0.tgz",
			"integrity": "sha512-HZRwumpOGUrHyxO5bqKZL0B0GlUpwtCAzZ42sgxUPniu33R1LSFH5yrIcBCHjkctCAh3mtWKcKd9J4vDDdeVHA=="
		},
		"ieee754": {
			"version": "1.2.1",
			"resolved": "https://registry.npmjs.org/ieee754/-/ieee754-1.2.1.tgz",
			"integrity": "sha512-dcyqhDvX1C46lXZcVqCpK+FtMRQVdIMN6/Df5js2zouUsqG7I6sFxitIC+7KYK29KdXOLHdu9zL4sFnoVQnqaA=="
		},
		"kdbush": {
			"version": "3.0.0",
			"resolved": "https://registry.npmjs.org/kdbush/-/kdbush-3.0.0.tgz",
			"integrity": "sha512-hRkd6/XW4HTsA9vjVpY9tuXJYLSlelnkTmVFu4M9/7MIYQtFcHpbugAU7UbOfjOiVSVYl2fqgBuJ32JUmRo5Ew=="
		},
		"mapbox-gl": {
			"version": "2.13.0",
			"resolved": "https://registry.npmjs.org/mapbox-gl/-/mapbox-gl-2.13.0.tgz",
			"integrity": "sha512-G8pU1/I9HC7xNbhKPKFtRkdUDkWJBNbYPMeRjBig3lPaYtvHPIaFmXMR6BDyZ/gnwodElrwMZGdGsoH8kecX8w==",
			"requires": {
				"@mapbox/geojson-rewind": "^0.5.2",
				"@mapbox/jsonlint-lines-primitives": "^2.0.2",
				"@mapbox/mapbox-gl-supported": "^2.0.1",
				"@mapbox/point-geometry": "^0.1.0",
				"@mapbox/tiny-sdf": "^2.0.6",
				"@mapbox/unitbezier": "^0.0.1",
				"@mapbox/vector-tile": "^1.3.1",
				"@mapbox/whoots-js": "^3.1.0",
				"csscolorparser": "~1.0.3",
				"earcut": "^2.2.4",
				"geojson-vt": "^3.2.1",
				"gl-matrix": "^3.4.3",
				"grid-index": "^1.1.0",
				"murmurhash-js": "^1.0.0",
				"pbf": "^3.2.1",
				"potpack": "^2.0.0",
				"quickselect": "^2.0.0",
				"rw": "^1.3.3",
				"supercluster": "^7.1.5",
				"tinyqueue": "^2.0.3",
				"vt-pbf": "^3.1.3"
			}
		},
		"minimist": {
			"version": "1.2.8",
			"resolved": "https://registry.npmjs.org/minimist/-/minimist-1.2.8.tgz",
			"integrity": "sha512-2yyAR8qBkN3YuheJanUpWC5U3bb5osDywNB8RzDVlDwDHbocAJveqqj1u8+SVD7jkWT4yvsHCpWqqWqAxb0zCA=="
		},
		"murmurhash-js": {
			"version": "1.0.0",
			"resolved": "https://registry.npmjs.org/murmurhash-js/-/murmurhash-js-1.0.0.tgz",
			"integrity": "sha512-TvmkNhkv8yct0SVBSy+o8wYzXjE4Zz3PCesbfs8HiCXXdcTuocApFv11UWlNFWKYsP2okqrhb7JNlSm9InBhIw=="
		},
		"pbf": {
			"version": "3.2.1",
			"resolved": "https://registry.npmjs.org/pbf/-/pbf-3.2.1.tgz",
			"integrity": "sha512-ClrV7pNOn7rtmoQVF4TS1vyU0WhYRnP92fzbfF75jAIwpnzdJXf8iTd4CMEqO4yUenH6NDqLiwjqlh6QgZzgLQ==",
			"requires": {
				"ieee754": "^1.1.12",
				"resolve-protobuf-schema": "^2.1.0"
			}
		},
		"potpack": {
			"version": "2.0.0",
			"resolved": "https://registry.npmjs.org/potpack/-/potpack-2.0.0.tgz",
			"integrity": "sha512-Q+/tYsFU9r7xoOJ+y/ZTtdVQwTWfzjbiXBDMM/JKUux3+QPP02iUuIoeBQ+Ot6oEDlC+/PGjB/5A3K7KKb7hcw=="
		},
		"protocol-buffers-schema": {
			"version": "3.6.0",
			"resolved": "https://registry.npmjs.org/protocol-buffers-schema/-/protocol-buffers-schema-3.6.0.tgz",
			"integrity": "sha512-TdDRD+/QNdrCGCE7v8340QyuXd4kIWIgapsE2+n/SaGiSSbomYl4TjHlvIoCWRpE7wFt02EpB35VVA2ImcBVqw=="
		},
		"quickselect": {
			"version": "2.0.0",
			"resolved": "https://registry.npmjs.org/quickselect/-/quickselect-2.0.0.tgz",
			"integrity": "sha512-RKJ22hX8mHe3Y6wH/N3wCM6BWtjaxIyyUIkpHOvfFnxdI4yD4tBXEBKSbriGujF6jnSVkJrffuo6vxACiSSxIw=="
		},
		"resolve-protobuf-schema": {
			"version": "2.1.0",
			"resolved": "https://registry.npmjs.org/resolve-protobuf-schema/-/resolve-protobuf-schema-2.1.0.tgz",
			"integrity": "sha512-kI5ffTiZWmJaS/huM8wZfEMer1eRd7oJQhDuxeCLe3t7N7mX3z94CN0xPxBQxFYQTSNz9T0i+v6inKqSdK8xrQ==",
			"requires": {
				"protocol-buffers-schema": "^3.3.1"
			}
		},
		"rw": {
			"version": "1.3.3",
			"resolved": "https://registry.npmjs.org/rw/-/rw-1.3.3.tgz",
			"integrity": "sha512-PdhdWy89SiZogBLaw42zdeqtRJ//zFd2PgQavcICDUgJT5oW10QCRKbJ6bg4r0/UY2M6BWd5tkxuGFRvCkgfHQ=="
		},
		"supercluster": {
			"version": "7.1.5",
			"resolved": "https://registry.npmjs.org/supercluster/-/supercluster-7.1.5.tgz",
			"integrity": "sha512-EulshI3pGUM66o6ZdH3ReiFcvHpM3vAigyK+vcxdjpJyEbIIrtbmBdY23mGgnI24uXiGFvrGq9Gkum/8U7vJWg==",
			"requires": {
				"kdbush": "^3.0.0"
			}
		},
		"tinyqueue": {
			"version": "2.0.3",
			"resolved": "https://registry.npmjs.org/tinyqueue/-/tinyqueue-2.0.3.tgz",
			"integrity": "sha512-ppJZNDuKGgxzkHihX8v9v9G5f+18gzaTfrukGrq6ueg0lmH4nqVnA2IPG0AEH3jKEk2GRJCUhDoqpoiw3PHLBA=="
		},
		"vt-pbf": {
			"version": "3.1.3",
			"resolved": "https://registry.npmjs.org/vt-pbf/-/vt-pbf-3.1.3.tgz",
			"integrity": "sha512-2LzDFzt0mZKZ9IpVF2r69G9bXaP2Q2sArJCmcCgvfTdCCZzSyz4aCLoQyUilu37Ll56tCblIZrXFIjNUpGIlmA==",
			"requires": {
				"@mapbox/point-geometry": "0.1.0",
				"@mapbox/vector-tile": "^1.3.1",
				"pbf": "^3.2.1"
			}
		}
	}
}
