{
	"name": "~TODO~",
	"version": "0.0.1",
	"lockfileVersion": 2,
	"requires": true,
	"packages": {
		"": {
			"name": "~TODO~",
			"version": "0.0.1",
			"devDependencies": {
				"@sveltejs/kit": "^1.7.2",
				"esbuild-wasm": "^0.17.9",
				"svelte": "^3.55.1",
				"vite": "^4.1.3"
			}
		},
		"node_modules/@esbuild/android-arm": {
			"version": "0.16.17",
			"resolved": "https://registry.npmjs.org/@esbuild/android-arm/-/android-arm-0.16.17.tgz",
			"integrity": "sha512-N9x1CMXVhtWEAMS7pNNONyA14f71VPQN9Cnavj1XQh6T7bskqiLLrSca4O0Vr8Wdcga943eThxnVp3JLnBMYtw==",
			"cpu": [
				"arm"
			],
			"dev": true,
			"optional": true,
			"os": [
				"android"
			],
			"engines": {
				"node": ">=12"
			}
		},
		"node_modules/@esbuild/android-arm64": {
			"version": "0.16.17",
			"resolved": "https://registry.npmjs.org/@esbuild/android-arm64/-/android-arm64-0.16.17.tgz",
			"integrity": "sha512-MIGl6p5sc3RDTLLkYL1MyL8BMRN4tLMRCn+yRJJmEDvYZ2M7tmAf80hx1kbNEUX2KJ50RRtxZ4JHLvCfuB6kBg==",
			"cpu": [
				"arm64"
			],
			"dev": true,
			"optional": true,
			"os": [
				"android"
			],
			"engines": {
				"node": ">=12"
			}
		},
		"node_modules/@esbuild/android-x64": {
			"version": "0.16.17",
			"resolved": "https://registry.npmjs.org/@esbuild/android-x64/-/android-x64-0.16.17.tgz",
			"integrity": "sha512-a3kTv3m0Ghh4z1DaFEuEDfz3OLONKuFvI4Xqczqx4BqLyuFaFkuaG4j2MtA6fuWEFeC5x9IvqnX7drmRq/fyAQ==",
			"cpu": [
				"x64"
			],
			"dev": true,
			"optional": true,
			"os": [
				"android"
			],
			"engines": {
				"node": ">=12"
			}
		},
		"node_modules/@esbuild/darwin-arm64": {
			"version": "0.16.17",
			"resolved": "https://registry.npmjs.org/@esbuild/darwin-arm64/-/darwin-arm64-0.16.17.tgz",
			"integrity": "sha512-/2agbUEfmxWHi9ARTX6OQ/KgXnOWfsNlTeLcoV7HSuSTv63E4DqtAc+2XqGw1KHxKMHGZgbVCZge7HXWX9Vn+w==",
			"cpu": [
				"arm64"
			],
			"dev": true,
			"optional": true,
			"os": [
				"darwin"
			],
			"engines": {
				"node": ">=12"
			}
		},
		"node_modules/@esbuild/darwin-x64": {
			"version": "0.16.17",
			"resolved": "https://registry.npmjs.org/@esbuild/darwin-x64/-/darwin-x64-0.16.17.tgz",
			"integrity": "sha512-2By45OBHulkd9Svy5IOCZt376Aa2oOkiE9QWUK9fe6Tb+WDr8hXL3dpqi+DeLiMed8tVXspzsTAvd0jUl96wmg==",
			"cpu": [
				"x64"
			],
			"dev": true,
			"optional": true,
			"os": [
				"darwin"
			],
			"engines": {
				"node": ">=12"
			}
		},
		"node_modules/@esbuild/freebsd-arm64": {
			"version": "0.16.17",
			"resolved": "https://registry.npmjs.org/@esbuild/freebsd-arm64/-/freebsd-arm64-0.16.17.tgz",
			"integrity": "sha512-mt+cxZe1tVx489VTb4mBAOo2aKSnJ33L9fr25JXpqQqzbUIw/yzIzi+NHwAXK2qYV1lEFp4OoVeThGjUbmWmdw==",
			"cpu": [
				"arm64"
			],
			"dev": true,
			"optional": true,
			"os": [
				"freebsd"
			],
			"engines": {
				"node": ">=12"
			}
		},
		"node_modules/@esbuild/freebsd-x64": {
			"version": "0.16.17",
			"resolved": "https://registry.npmjs.org/@esbuild/freebsd-x64/-/freebsd-x64-0.16.17.tgz",
			"integrity": "sha512-8ScTdNJl5idAKjH8zGAsN7RuWcyHG3BAvMNpKOBaqqR7EbUhhVHOqXRdL7oZvz8WNHL2pr5+eIT5c65kA6NHug==",
			"cpu": [
				"x64"
			],
			"dev": true,
			"optional": true,
			"os": [
				"freebsd"
			],
			"engines": {
				"node": ">=12"
			}
		},
		"node_modules/@esbuild/linux-arm": {
			"version": "0.16.17",
			"resolved": "https://registry.npmjs.org/@esbuild/linux-arm/-/linux-arm-0.16.17.tgz",
			"integrity": "sha512-iihzrWbD4gIT7j3caMzKb/RsFFHCwqqbrbH9SqUSRrdXkXaygSZCZg1FybsZz57Ju7N/SHEgPyaR0LZ8Zbe9gQ==",
			"cpu": [
				"arm"
			],
			"dev": true,
			"optional": true,
			"os": [
				"linux"
			],
			"engines": {
				"node": ">=12"
			}
		},
		"node_modules/@esbuild/linux-arm64": {
			"version": "0.16.17",
			"resolved": "https://registry.npmjs.org/@esbuild/linux-arm64/-/linux-arm64-0.16.17.tgz",
			"integrity": "sha512-7S8gJnSlqKGVJunnMCrXHU9Q8Q/tQIxk/xL8BqAP64wchPCTzuM6W3Ra8cIa1HIflAvDnNOt2jaL17vaW+1V0g==",
			"cpu": [
				"arm64"
			],
			"dev": true,
			"optional": true,
			"os": [
				"linux"
			],
			"engines": {
				"node": ">=12"
			}
		},
		"node_modules/@esbuild/linux-ia32": {
			"version": "0.16.17",
			"resolved": "https://registry.npmjs.org/@esbuild/linux-ia32/-/linux-ia32-0.16.17.tgz",
			"integrity": "sha512-kiX69+wcPAdgl3Lonh1VI7MBr16nktEvOfViszBSxygRQqSpzv7BffMKRPMFwzeJGPxcio0pdD3kYQGpqQ2SSg==",
			"cpu": [
				"ia32"
			],
			"dev": true,
			"optional": true,
			"os": [
				"linux"
			],
			"engines": {
				"node": ">=12"
			}
		},
		"node_modules/@esbuild/linux-loong64": {
			"version": "0.16.17",
			"resolved": "https://registry.npmjs.org/@esbuild/linux-loong64/-/linux-loong64-0.16.17.tgz",
			"integrity": "sha512-dTzNnQwembNDhd654cA4QhbS9uDdXC3TKqMJjgOWsC0yNCbpzfWoXdZvp0mY7HU6nzk5E0zpRGGx3qoQg8T2DQ==",
			"cpu": [
				"loong64"
			],
			"dev": true,
			"optional": true,
			"os": [
				"linux"
			],
			"engines": {
				"node": ">=12"
			}
		},
		"node_modules/@esbuild/linux-mips64el": {
			"version": "0.16.17",
			"resolved": "https://registry.npmjs.org/@esbuild/linux-mips64el/-/linux-mips64el-0.16.17.tgz",
			"integrity": "sha512-ezbDkp2nDl0PfIUn0CsQ30kxfcLTlcx4Foz2kYv8qdC6ia2oX5Q3E/8m6lq84Dj/6b0FrkgD582fJMIfHhJfSw==",
			"cpu": [
				"mips64el"
			],
			"dev": true,
			"optional": true,
			"os": [
				"linux"
			],
			"engines": {
				"node": ">=12"
			}
		},
		"node_modules/@esbuild/linux-ppc64": {
			"version": "0.16.17",
			"resolved": "https://registry.npmjs.org/@esbuild/linux-ppc64/-/linux-ppc64-0.16.17.tgz",
			"integrity": "sha512-dzS678gYD1lJsW73zrFhDApLVdM3cUF2MvAa1D8K8KtcSKdLBPP4zZSLy6LFZ0jYqQdQ29bjAHJDgz0rVbLB3g==",
			"cpu": [
				"ppc64"
			],
			"dev": true,
			"optional": true,
			"os": [
				"linux"
			],
			"engines": {
				"node": ">=12"
			}
		},
		"node_modules/@esbuild/linux-riscv64": {
			"version": "0.16.17",
			"resolved": "https://registry.npmjs.org/@esbuild/linux-riscv64/-/linux-riscv64-0.16.17.tgz",
			"integrity": "sha512-ylNlVsxuFjZK8DQtNUwiMskh6nT0vI7kYl/4fZgV1llP5d6+HIeL/vmmm3jpuoo8+NuXjQVZxmKuhDApK0/cKw==",
			"cpu": [
				"riscv64"
			],
			"dev": true,
			"optional": true,
			"os": [
				"linux"
			],
			"engines": {
				"node": ">=12"
			}
		},
		"node_modules/@esbuild/linux-s390x": {
			"version": "0.16.17",
			"resolved": "https://registry.npmjs.org/@esbuild/linux-s390x/-/linux-s390x-0.16.17.tgz",
			"integrity": "sha512-gzy7nUTO4UA4oZ2wAMXPNBGTzZFP7mss3aKR2hH+/4UUkCOyqmjXiKpzGrY2TlEUhbbejzXVKKGazYcQTZWA/w==",
			"cpu": [
				"s390x"
			],
			"dev": true,
			"optional": true,
			"os": [
				"linux"
			],
			"engines": {
				"node": ">=12"
			}
		},
		"node_modules/@esbuild/linux-x64": {
			"version": "0.16.17",
			"resolved": "https://registry.npmjs.org/@esbuild/linux-x64/-/linux-x64-0.16.17.tgz",
			"integrity": "sha512-mdPjPxfnmoqhgpiEArqi4egmBAMYvaObgn4poorpUaqmvzzbvqbowRllQ+ZgzGVMGKaPkqUmPDOOFQRUFDmeUw==",
			"cpu": [
				"x64"
			],
			"dev": true,
			"optional": true,
			"os": [
				"linux"
			],
			"engines": {
				"node": ">=12"
			}
		},
		"node_modules/@esbuild/netbsd-x64": {
			"version": "0.16.17",
			"resolved": "https://registry.npmjs.org/@esbuild/netbsd-x64/-/netbsd-x64-0.16.17.tgz",
			"integrity": "sha512-/PzmzD/zyAeTUsduZa32bn0ORug+Jd1EGGAUJvqfeixoEISYpGnAezN6lnJoskauoai0Jrs+XSyvDhppCPoKOA==",
			"cpu": [
				"x64"
			],
			"dev": true,
			"optional": true,
			"os": [
				"netbsd"
			],
			"engines": {
				"node": ">=12"
			}
		},
		"node_modules/@esbuild/openbsd-x64": {
			"version": "0.16.17",
			"resolved": "https://registry.npmjs.org/@esbuild/openbsd-x64/-/openbsd-x64-0.16.17.tgz",
			"integrity": "sha512-2yaWJhvxGEz2RiftSk0UObqJa/b+rIAjnODJgv2GbGGpRwAfpgzyrg1WLK8rqA24mfZa9GvpjLcBBg8JHkoodg==",
			"cpu": [
				"x64"
			],
			"dev": true,
			"optional": true,
			"os": [
				"openbsd"
			],
			"engines": {
				"node": ">=12"
			}
		},
		"node_modules/@esbuild/sunos-x64": {
			"version": "0.16.17",
			"resolved": "https://registry.npmjs.org/@esbuild/sunos-x64/-/sunos-x64-0.16.17.tgz",
			"integrity": "sha512-xtVUiev38tN0R3g8VhRfN7Zl42YCJvyBhRKw1RJjwE1d2emWTVToPLNEQj/5Qxc6lVFATDiy6LjVHYhIPrLxzw==",
			"cpu": [
				"x64"
			],
			"dev": true,
			"optional": true,
			"os": [
				"sunos"
			],
			"engines": {
				"node": ">=12"
			}
		},
		"node_modules/@esbuild/win32-arm64": {
			"version": "0.16.17",
			"resolved": "https://registry.npmjs.org/@esbuild/win32-arm64/-/win32-arm64-0.16.17.tgz",
			"integrity": "sha512-ga8+JqBDHY4b6fQAmOgtJJue36scANy4l/rL97W+0wYmijhxKetzZdKOJI7olaBaMhWt8Pac2McJdZLxXWUEQw==",
			"cpu": [
				"arm64"
			],
			"dev": true,
			"optional": true,
			"os": [
				"win32"
			],
			"engines": {
				"node": ">=12"
			}
		},
		"node_modules/@esbuild/win32-ia32": {
			"version": "0.16.17",
			"resolved": "https://registry.npmjs.org/@esbuild/win32-ia32/-/win32-ia32-0.16.17.tgz",
			"integrity": "sha512-WnsKaf46uSSF/sZhwnqE4L/F89AYNMiD4YtEcYekBt9Q7nj0DiId2XH2Ng2PHM54qi5oPrQ8luuzGszqi/veig==",
			"cpu": [
				"ia32"
			],
			"dev": true,
			"optional": true,
			"os": [
				"win32"
			],
			"engines": {
				"node": ">=12"
			}
		},
		"node_modules/@esbuild/win32-x64": {
			"version": "0.16.17",
			"resolved": "https://registry.npmjs.org/@esbuild/win32-x64/-/win32-x64-0.16.17.tgz",
			"integrity": "sha512-y+EHuSchhL7FjHgvQL/0fnnFmO4T1bhvWANX6gcnqTjtnKWbTvUMCpGnv2+t+31d7RzyEAYAd4u2fnIhHL6N/Q==",
			"cpu": [
				"x64"
			],
			"dev": true,
			"optional": true,
			"os": [
				"win32"
			],
			"engines": {
				"node": ">=12"
			}
		},
		"node_modules/@jridgewell/sourcemap-codec": {
			"version": "1.4.14",
			"resolved": "https://registry.npmjs.org/@jridgewell/sourcemap-codec/-/sourcemap-codec-1.4.14.tgz",
			"integrity": "sha512-XPSJHWmi394fuUuzDnGz1wiKqWfo1yXecHQMRf2l6hztTO+nPru658AyDngaBe7isIxEkRsPR3FZh+s7iVa4Uw==",
			"dev": true
		},
		"node_modules/@polka/url": {
			"version": "1.0.0-next.21",
			"resolved": "https://registry.npmjs.org/@polka/url/-/url-1.0.0-next.21.tgz",
			"integrity": "sha512-a5Sab1C4/icpTZVzZc5Ghpz88yQtGOyNqYXcZgOssB2uuAr+wF/MvN6bgtW32q7HHrvBki+BsZ0OuNv6EV3K9g==",
			"dev": true
		},
		"node_modules/@sveltejs/kit": {
			"version": "1.7.2",
			"resolved": "https://registry.npmjs.org/@sveltejs/kit/-/kit-1.7.2.tgz",
			"integrity": "sha512-qU/kbupIhsA1JA0GIN4cGa6XrhzPc99Z4agsEDeGPMy7qQqYCuFcIL2MLEH+tfqPUCu4m3FQ6ULVSUIVCnHj+A==",
			"dev": true,
			"hasInstallScript": true,
			"dependencies": {
				"@sveltejs/vite-plugin-svelte": "^2.0.0",
				"@types/cookie": "^0.5.1",
				"cookie": "^0.5.0",
				"devalue": "^4.2.3",
				"esm-env": "^1.0.0",
				"kleur": "^4.1.5",
				"magic-string": "^0.29.0",
				"mime": "^3.0.0",
				"sade": "^1.8.1",
				"set-cookie-parser": "^2.5.1",
				"sirv": "^2.0.2",
				"tiny-glob": "^0.2.9",
				"undici": "5.19.1"
			},
			"bin": {
				"svelte-kit": "svelte-kit.js"
			},
			"engines": {
				"node": "^16.14 || >=18"
			},
			"peerDependencies": {
				"svelte": "^3.54.0",
				"vite": "^4.0.0"
			}
		},
		"node_modules/@sveltejs/vite-plugin-svelte": {
			"version": "2.0.2",
			"resolved": "https://registry.npmjs.org/@sveltejs/vite-plugin-svelte/-/vite-plugin-svelte-2.0.2.tgz",
			"integrity": "sha512-xCEan0/NNpQuL0l5aS42FjwQ6wwskdxC3pW1OeFtEKNZwRg7Evro9lac9HesGP6TdFsTv2xMes5ASQVKbCacxg==",
			"dev": true,
			"dependencies": {
				"debug": "^4.3.4",
				"deepmerge": "^4.2.2",
				"kleur": "^4.1.5",
				"magic-string": "^0.27.0",
				"svelte-hmr": "^0.15.1",
				"vitefu": "^0.2.3"
			},
			"engines": {
				"node": "^14.18.0 || >= 16"
			},
			"peerDependencies": {
				"svelte": "^3.54.0",
				"vite": "^4.0.0"
			}
		},
		"node_modules/@sveltejs/vite-plugin-svelte/node_modules/magic-string": {
			"version": "0.27.0",
			"resolved": "https://registry.npmjs.org/magic-string/-/magic-string-0.27.0.tgz",
			"integrity": "sha512-8UnnX2PeRAPZuN12svgR9j7M1uWMovg/CEnIwIG0LFkXSJJe4PdfUGiTGl8V9bsBHFUtfVINcSyYxd7q+kx9fA==",
			"dev": true,
			"dependencies": {
				"@jridgewell/sourcemap-codec": "^1.4.13"
			},
			"engines": {
				"node": ">=12"
			}
		},
		"node_modules/@types/cookie": {
			"version": "0.5.1",
			"resolved": "https://registry.npmjs.org/@types/cookie/-/cookie-0.5.1.tgz",
			"integrity": "sha512-COUnqfB2+ckwXXSFInsFdOAWQzCCx+a5hq2ruyj+Vjund94RJQd4LG2u9hnvJrTgunKAaax7ancBYlDrNYxA0g==",
			"dev": true
		},
		"node_modules/busboy": {
			"version": "1.6.0",
			"resolved": "https://registry.npmjs.org/busboy/-/busboy-1.6.0.tgz",
			"integrity": "sha512-8SFQbg/0hQ9xy3UNTB0YEnsNBbWfhf7RtnzpL7TkBiTBRfrQ9Fxcnz7VJsleJpyp6rVLvXiuORqjlHi5q+PYuA==",
			"dev": true,
			"dependencies": {
				"streamsearch": "^1.1.0"
			},
			"engines": {
				"node": ">=10.16.0"
			}
		},
		"node_modules/cookie": {
			"version": "0.5.0",
			"resolved": "https://registry.npmjs.org/cookie/-/cookie-0.5.0.tgz",
			"integrity": "sha512-YZ3GUyn/o8gfKJlnlX7g7xq4gyO6OSuhGPKaaGssGB2qgDUS0gPgtTvoyZLTt9Ab6dC4hfc9dV5arkvc/OCmrw==",
			"dev": true,
			"engines": {
				"node": ">= 0.6"
			}
		},
		"node_modules/debug": {
			"version": "4.3.4",
			"resolved": "https://registry.npmjs.org/debug/-/debug-4.3.4.tgz",
			"integrity": "sha512-PRWFHuSU3eDtQJPvnNY7Jcket1j0t5OuOsFzPPzsekD52Zl8qUfFIPEiswXqIvHWGVHOgX+7G/vCNNhehwxfkQ==",
			"dev": true,
			"dependencies": {
				"ms": "2.1.2"
			},
			"engines": {
				"node": ">=6.0"
			},
			"peerDependenciesMeta": {
				"supports-color": {
					"optional": true
				}
			}
		},
		"node_modules/deepmerge": {
			"version": "4.3.0",
			"resolved": "https://registry.npmjs.org/deepmerge/-/deepmerge-4.3.0.tgz",
			"integrity": "sha512-z2wJZXrmeHdvYJp/Ux55wIjqo81G5Bp4c+oELTW+7ar6SogWHajt5a9gO3s3IDaGSAXjDk0vlQKN3rms8ab3og==",
			"dev": true,
			"engines": {
				"node": ">=0.10.0"
			}
		},
		"node_modules/devalue": {
			"version": "4.3.0",
			"resolved": "https://registry.npmjs.org/devalue/-/devalue-4.3.0.tgz",
			"integrity": "sha512-n94yQo4LI3w7erwf84mhRUkUJfhLoCZiLyoOZ/QFsDbcWNZePrLwbQpvZBUG2TNxwV3VjCKPxkiiQA6pe3TrTA==",
			"dev": true
		},
		"node_modules/esbuild": {
			"version": "0.16.17",
			"resolved": "https://registry.npmjs.org/esbuild/-/esbuild-0.16.17.tgz",
			"integrity": "sha512-G8LEkV0XzDMNwXKgM0Jwu3nY3lSTwSGY6XbxM9cr9+s0T/qSV1q1JVPBGzm3dcjhCic9+emZDmMffkwgPeOeLg==",
			"dev": true,
			"hasInstallScript": true,
			"bin": {
				"esbuild": "bin/esbuild"
			},
			"engines": {
				"node": ">=12"
			},
			"optionalDependencies": {
				"@esbuild/android-arm": "0.16.17",
				"@esbuild/android-arm64": "0.16.17",
				"@esbuild/android-x64": "0.16.17",
				"@esbuild/darwin-arm64": "0.16.17",
				"@esbuild/darwin-x64": "0.16.17",
				"@esbuild/freebsd-arm64": "0.16.17",
				"@esbuild/freebsd-x64": "0.16.17",
				"@esbuild/linux-arm": "0.16.17",
				"@esbuild/linux-arm64": "0.16.17",
				"@esbuild/linux-ia32": "0.16.17",
				"@esbuild/linux-loong64": "0.16.17",
				"@esbuild/linux-mips64el": "0.16.17",
				"@esbuild/linux-ppc64": "0.16.17",
				"@esbuild/linux-riscv64": "0.16.17",
				"@esbuild/linux-s390x": "0.16.17",
				"@esbuild/linux-x64": "0.16.17",
				"@esbuild/netbsd-x64": "0.16.17",
				"@esbuild/openbsd-x64": "0.16.17",
				"@esbuild/sunos-x64": "0.16.17",
				"@esbuild/win32-arm64": "0.16.17",
				"@esbuild/win32-ia32": "0.16.17",
				"@esbuild/win32-x64": "0.16.17"
			}
		},
		"node_modules/esbuild-wasm": {
			"version": "0.17.9",
			"resolved": "https://registry.npmjs.org/esbuild-wasm/-/esbuild-wasm-0.17.9.tgz",
			"integrity": "sha512-bCCseuU9ZflAqfItl1beWy9kjpbMsCBKzyGQbgk7B6M3m3FGuZNPCF368CWe9bHAAtUMfbILRxyWsNgjIRXFJg==",
			"dev": true,
			"bin": {
				"esbuild": "bin/esbuild"
			},
			"engines": {
				"node": ">=12"
			}
		},
		"node_modules/esm-env": {
			"version": "1.0.0",
			"resolved": "https://registry.npmjs.org/esm-env/-/esm-env-1.0.0.tgz",
			"integrity": "sha512-Cf6VksWPsTuW01vU9Mk/3vRue91Zevka5SjyNf3nEpokFRuqt/KjUQoGAwq9qMmhpLTHmXzSIrFRw8zxWzmFBA==",
			"dev": true
		},
		"node_modules/fsevents": {
			"version": "2.3.2",
			"resolved": "https://registry.npmjs.org/fsevents/-/fsevents-2.3.2.tgz",
			"integrity": "sha512-xiqMQR4xAeHTuB9uWm+fFRcIOgKBMiOBP+eXiyT7jsgVCq1bkVygt00oASowB7EdtpOHaaPgKt812P9ab+DDKA==",
			"dev": true,
			"hasInstallScript": true,
			"optional": true,
			"os": [
				"darwin"
			],
			"engines": {
				"node": "^8.16.0 || ^10.6.0 || >=11.0.0"
			}
		},
		"node_modules/function-bind": {
			"version": "1.1.1",
			"resolved": "https://registry.npmjs.org/function-bind/-/function-bind-1.1.1.tgz",
			"integrity": "sha512-yIovAzMX49sF8Yl58fSCWJ5svSLuaibPxXQJFLmBObTuCr0Mf1KiPopGM9NiFjiYBCbfaa2Fh6breQ6ANVTI0A==",
			"dev": true
		},
		"node_modules/globalyzer": {
			"version": "0.1.0",
			"resolved": "https://registry.npmjs.org/globalyzer/-/globalyzer-0.1.0.tgz",
			"integrity": "sha512-40oNTM9UfG6aBmuKxk/giHn5nQ8RVz/SS4Ir6zgzOv9/qC3kKZ9v4etGTcJbEl/NyVQH7FGU7d+X1egr57Md2Q==",
			"dev": true
		},
		"node_modules/globrex": {
			"version": "0.1.2",
			"resolved": "https://registry.npmjs.org/globrex/-/globrex-0.1.2.tgz",
			"integrity": "sha512-uHJgbwAMwNFf5mLst7IWLNg14x1CkeqglJb/K3doi4dw6q2IvAAmM/Y81kevy83wP+Sst+nutFTYOGg3d1lsxg==",
			"dev": true
		},
		"node_modules/has": {
			"version": "1.0.3",
			"resolved": "https://registry.npmjs.org/has/-/has-1.0.3.tgz",
			"integrity": "sha512-f2dvO0VU6Oej7RkWJGrehjbzMAjFp5/VKPp5tTpWIV4JHHZK1/BxbFRtf/siA2SWTe09caDmVtYYzWEIbBS4zw==",
			"dev": true,
			"dependencies": {
				"function-bind": "^1.1.1"
			},
			"engines": {
				"node": ">= 0.4.0"
			}
		},
		"node_modules/is-core-module": {
			"version": "2.11.0",
			"resolved": "https://registry.npmjs.org/is-core-module/-/is-core-module-2.11.0.tgz",
			"integrity": "sha512-RRjxlvLDkD1YJwDbroBHMb+cukurkDWNyHx7D3oNB5x9rb5ogcksMC5wHCadcXoo67gVr/+3GFySh3134zi6rw==",
			"dev": true,
			"dependencies": {
				"has": "^1.0.3"
			},
			"funding": {
				"url": "https://github.com/sponsors/ljharb"
			}
		},
		"node_modules/kleur": {
			"version": "4.1.5",
			"resolved": "https://registry.npmjs.org/kleur/-/kleur-4.1.5.tgz",
			"integrity": "sha512-o+NO+8WrRiQEE4/7nwRJhN1HWpVmJm511pBHUxPLtp0BUISzlBplORYSmTclCnJvQq2tKu/sgl3xVpkc7ZWuQQ==",
			"dev": true,
			"engines": {
				"node": ">=6"
			}
		},
		"node_modules/magic-string": {
			"version": "0.29.0",
			"resolved": "https://registry.npmjs.org/magic-string/-/magic-string-0.29.0.tgz",
			"integrity": "sha512-WcfidHrDjMY+eLjlU+8OvwREqHwpgCeKVBUpQ3OhYYuvfaYCUgcbuBzappNzZvg/v8onU3oQj+BYpkOJe9Iw4Q==",
			"dev": true,
			"dependencies": {
				"@jridgewell/sourcemap-codec": "^1.4.13"
			},
			"engines": {
				"node": ">=12"
			}
		},
		"node_modules/mime": {
			"version": "3.0.0",
			"resolved": "https://registry.npmjs.org/mime/-/mime-3.0.0.tgz",
			"integrity": "sha512-jSCU7/VB1loIWBZe14aEYHU/+1UMEHoaO7qxCOVJOw9GgH72VAWppxNcjU+x9a2k3GSIBXNKxXQFqRvvZ7vr3A==",
			"dev": true,
			"bin": {
				"mime": "cli.js"
			},
			"engines": {
				"node": ">=10.0.0"
			}
		},
		"node_modules/mri": {
			"version": "1.2.0",
			"resolved": "https://registry.npmjs.org/mri/-/mri-1.2.0.tgz",
			"integrity": "sha512-tzzskb3bG8LvYGFF/mDTpq3jpI6Q9wc3LEmBaghu+DdCssd1FakN7Bc0hVNmEyGq1bq3RgfkCb3cmQLpNPOroA==",
			"dev": true,
			"engines": {
				"node": ">=4"
			}
		},
		"node_modules/mrmime": {
			"version": "1.0.1",
			"resolved": "https://registry.npmjs.org/mrmime/-/mrmime-1.0.1.tgz",
			"integrity": "sha512-hzzEagAgDyoU1Q6yg5uI+AorQgdvMCur3FcKf7NhMKWsaYg+RnbTyHRa/9IlLF9rf455MOCtcqqrQQ83pPP7Uw==",
			"dev": true,
			"engines": {
				"node": ">=10"
			}
		},
		"node_modules/ms": {
			"version": "2.1.2",
			"resolved": "https://registry.npmjs.org/ms/-/ms-2.1.2.tgz",
			"integrity": "sha512-sGkPx+VjMtmA6MX27oA4FBFELFCZZ4S4XqeGOXCv68tT+jb3vk/RyaKWP0PTKyWtmLSM0b+adUTEvbs1PEaH2w==",
			"dev": true
		},
		"node_modules/nanoid": {
			"version": "3.3.4",
			"resolved": "https://registry.npmjs.org/nanoid/-/nanoid-3.3.4.tgz",
			"integrity": "sha512-MqBkQh/OHTS2egovRtLk45wEyNXwF+cokD+1YPf9u5VfJiRdAiRwB2froX5Co9Rh20xs4siNPm8naNotSD6RBw==",
			"dev": true,
			"bin": {
				"nanoid": "bin/nanoid.cjs"
			},
			"engines": {
				"node": "^10 || ^12 || ^13.7 || ^14 || >=15.0.1"
			}
		},
		"node_modules/path-parse": {
			"version": "1.0.7",
			"resolved": "https://registry.npmjs.org/path-parse/-/path-parse-1.0.7.tgz",
			"integrity": "sha512-LDJzPVEEEPR+y48z93A0Ed0yXb8pAByGWo/k5YYdYgpY2/2EsOsksJrq7lOHxryrVOn1ejG6oAp8ahvOIQD8sw==",
			"dev": true
		},
		"node_modules/picocolors": {
			"version": "1.0.0",
			"resolved": "https://registry.npmjs.org/picocolors/-/picocolors-1.0.0.tgz",
			"integrity": "sha512-1fygroTLlHu66zi26VoTDv8yRgm0Fccecssto+MhsZ0D/DGW2sm8E8AjW7NU5VVTRt5GxbeZ5qBuJr+HyLYkjQ==",
			"dev": true
		},
		"node_modules/postcss": {
			"version": "8.4.21",
			"resolved": "https://registry.npmjs.org/postcss/-/postcss-8.4.21.tgz",
			"integrity": "sha512-tP7u/Sn/dVxK2NnruI4H9BG+x+Wxz6oeZ1cJ8P6G/PZY0IKk4k/63TDsQf2kQq3+qoJeLm2kIBUNlZe3zgb4Zg==",
			"dev": true,
			"funding": [
				{
					"type": "opencollective",
					"url": "https://opencollective.com/postcss/"
				},
				{
					"type": "tidelift",
					"url": "https://tidelift.com/funding/github/npm/postcss"
				}
			],
			"dependencies": {
				"nanoid": "^3.3.4",
				"picocolors": "^1.0.0",
				"source-map-js": "^1.0.2"
			},
			"engines": {
				"node": "^10 || ^12 || >=14"
			}
		},
		"node_modules/resolve": {
			"version": "1.22.1",
			"resolved": "https://registry.npmjs.org/resolve/-/resolve-1.22.1.tgz",
			"integrity": "sha512-nBpuuYuY5jFsli/JIs1oldw6fOQCBioohqWZg/2hiaOybXOft4lonv85uDOKXdf8rhyK159cxU5cDcK/NKk8zw==",
			"dev": true,
			"dependencies": {
				"is-core-module": "^2.9.0",
				"path-parse": "^1.0.7",
				"supports-preserve-symlinks-flag": "^1.0.0"
			},
			"bin": {
				"resolve": "bin/resolve"
			},
			"funding": {
				"url": "https://github.com/sponsors/ljharb"
			}
		},
		"node_modules/rollup": {
			"version": "3.17.2",
			"resolved": "https://registry.npmjs.org/rollup/-/rollup-3.17.2.tgz",
			"integrity": "sha512-qMNZdlQPCkWodrAZ3qnJtvCAl4vpQ8q77uEujVCCbC/6CLB7Lcmvjq7HyiOSnf4fxTT9XgsE36oLHJBH49xjqA==",
			"dev": true,
			"bin": {
				"rollup": "dist/bin/rollup"
			},
			"engines": {
				"node": ">=14.18.0",
				"npm": ">=8.0.0"
			},
			"optionalDependencies": {
				"fsevents": "~2.3.2"
			}
		},
		"node_modules/sade": {
			"version": "1.8.1",
			"resolved": "https://registry.npmjs.org/sade/-/sade-1.8.1.tgz",
			"integrity": "sha512-xal3CZX1Xlo/k4ApwCFrHVACi9fBqJ7V+mwhBsuf/1IOKbBy098Fex+Wa/5QMubw09pSZ/u8EY8PWgevJsXp1A==",
			"dev": true,
			"dependencies": {
				"mri": "^1.1.0"
			},
			"engines": {
				"node": ">=6"
			}
		},
		"node_modules/set-cookie-parser": {
			"version": "2.5.1",
			"resolved": "https://registry.npmjs.org/set-cookie-parser/-/set-cookie-parser-2.5.1.tgz",
			"integrity": "sha512-1jeBGaKNGdEq4FgIrORu/N570dwoPYio8lSoYLWmX7sQ//0JY08Xh9o5pBcgmHQ/MbsYp/aZnOe1s1lIsbLprQ==",
			"dev": true
		},
		"node_modules/sirv": {
			"version": "2.0.2",
			"resolved": "https://registry.npmjs.org/sirv/-/sirv-2.0.2.tgz",
			"integrity": "sha512-4Qog6aE29nIjAOKe/wowFTxOdmbEZKb+3tsLljaBRzJwtqto0BChD2zzH0LhgCSXiI+V7X+Y45v14wBZQ1TK3w==",
			"dev": true,
			"dependencies": {
				"@polka/url": "^1.0.0-next.20",
				"mrmime": "^1.0.0",
				"totalist": "^3.0.0"
			},
			"engines": {
				"node": ">= 10"
			}
		},
		"node_modules/source-map-js": {
			"version": "1.0.2",
			"resolved": "https://registry.npmjs.org/source-map-js/-/source-map-js-1.0.2.tgz",
			"integrity": "sha512-R0XvVJ9WusLiqTCEiGCmICCMplcCkIwwR11mOSD9CR5u+IXYdiseeEuXCVAjS54zqwkLcPNnmU4OeJ6tUrWhDw==",
			"dev": true,
			"engines": {
				"node": ">=0.10.0"
			}
		},
		"node_modules/streamsearch": {
			"version": "1.1.0",
			"resolved": "https://registry.npmjs.org/streamsearch/-/streamsearch-1.1.0.tgz",
			"integrity": "sha512-Mcc5wHehp9aXz1ax6bZUyY5afg9u2rv5cqQI3mRrYkGC8rW2hM02jWuwjtL++LS5qinSyhj2QfLyNsuc+VsExg==",
			"dev": true,
			"engines": {
				"node": ">=10.0.0"
			}
		},
		"node_modules/supports-preserve-symlinks-flag": {
			"version": "1.0.0",
			"resolved": "https://registry.npmjs.org/supports-preserve-symlinks-flag/-/supports-preserve-symlinks-flag-1.0.0.tgz",
			"integrity": "sha512-ot0WnXS9fgdkgIcePe6RHNk1WA8+muPa6cSjeR3V8K27q9BB1rTE3R1p7Hv0z1ZyAc8s6Vvv8DIyWf681MAt0w==",
			"dev": true,
			"engines": {
				"node": ">= 0.4"
			},
			"funding": {
				"url": "https://github.com/sponsors/ljharb"
			}
		},
		"node_modules/svelte": {
			"version": "3.55.1",
			"resolved": "https://registry.npmjs.org/svelte/-/svelte-3.55.1.tgz",
			"integrity": "sha512-S+87/P0Ve67HxKkEV23iCdAh/SX1xiSfjF1HOglno/YTbSTW7RniICMCofWGdJJbdjw3S+0PfFb1JtGfTXE0oQ==",
			"dev": true,
			"engines": {
				"node": ">= 8"
			}
		},
		"node_modules/svelte-hmr": {
			"version": "0.15.1",
			"resolved": "https://registry.npmjs.org/svelte-hmr/-/svelte-hmr-0.15.1.tgz",
			"integrity": "sha512-BiKB4RZ8YSwRKCNVdNxK/GfY+r4Kjgp9jCLEy0DuqAKfmQtpL38cQK3afdpjw4sqSs4PLi3jIPJIFp259NkZtA==",
			"dev": true,
			"engines": {
				"node": "^12.20 || ^14.13.1 || >= 16"
			},
			"peerDependencies": {
				"svelte": ">=3.19.0"
			}
		},
		"node_modules/tiny-glob": {
			"version": "0.2.9",
			"resolved": "https://registry.npmjs.org/tiny-glob/-/tiny-glob-0.2.9.tgz",
			"integrity": "sha512-g/55ssRPUjShh+xkfx9UPDXqhckHEsHr4Vd9zX55oSdGZc/MD0m3sferOkwWtp98bv+kcVfEHtRJgBVJzelrzg==",
			"dev": true,
			"dependencies": {
				"globalyzer": "0.1.0",
				"globrex": "^0.1.2"
			}
		},
		"node_modules/totalist": {
			"version": "3.0.0",
			"resolved": "https://registry.npmjs.org/totalist/-/totalist-3.0.0.tgz",
			"integrity": "sha512-eM+pCBxXO/njtF7vdFsHuqb+ElbxqtI4r5EAvk6grfAFyJ6IvWlSkfZ5T9ozC6xWw3Fj1fGoSmrl0gUs46JVIw==",
			"dev": true,
			"engines": {
				"node": ">=6"
			}
		},
		"node_modules/undici": {
			"version": "5.19.1",
			"resolved": "https://registry.npmjs.org/undici/-/undici-5.19.1.tgz",
			"integrity": "sha512-YiZ61LPIgY73E7syxCDxxa3LV2yl3sN8spnIuTct60boiiRaE1J8mNWHO8Im2Zi/sFrPusjLlmRPrsyraSqX6A==",
			"dev": true,
			"dependencies": {
				"busboy": "^1.6.0"
			},
			"engines": {
				"node": ">=12.18"
			}
		},
		"node_modules/vite": {
			"version": "4.1.3",
			"resolved": "https://registry.npmjs.org/vite/-/vite-4.1.3.tgz",
			"integrity": "sha512-0Zqo4/Fr/swSOBmbl+HAAhOjrqNwju+yTtoe4hQX9UsARdcuc9njyOdr6xU0DDnV7YP0RT6mgTTOiRtZgxfCxA==",
			"dev": true,
			"dependencies": {
				"esbuild": "^0.16.14",
				"postcss": "^8.4.21",
				"resolve": "^1.22.1",
				"rollup": "^3.10.0"
			},
			"bin": {
				"vite": "bin/vite.js"
			},
			"engines": {
				"node": "^14.18.0 || >=16.0.0"
			},
			"optionalDependencies": {
				"fsevents": "~2.3.2"
			},
			"peerDependencies": {
				"@types/node": ">= 14",
				"less": "*",
				"sass": "*",
				"stylus": "*",
				"sugarss": "*",
				"terser": "^5.4.0"
			},
			"peerDependenciesMeta": {
				"@types/node": {
					"optional": true
				},
				"less": {
					"optional": true
				},
				"sass": {
					"optional": true
				},
				"stylus": {
					"optional": true
				},
				"sugarss": {
					"optional": true
				},
				"terser": {
					"optional": true
				}
			}
		},
		"node_modules/vitefu": {
			"version": "0.2.4",
			"resolved": "https://registry.npmjs.org/vitefu/-/vitefu-0.2.4.tgz",
			"integrity": "sha512-fanAXjSaf9xXtOOeno8wZXIhgia+CZury481LsDaV++lSvcU2R9Ch2bPh3PYFyoHW+w9LqAeYRISVQjUIew14g==",
			"dev": true,
			"peerDependencies": {
				"vite": "^3.0.0 || ^4.0.0"
			},
			"peerDependenciesMeta": {
				"vite": {
					"optional": true
				}
			}
		}
	},
	"dependencies": {
		"@esbuild/android-arm": {
			"version": "0.16.17",
			"resolved": "https://registry.npmjs.org/@esbuild/android-arm/-/android-arm-0.16.17.tgz",
			"integrity": "sha512-N9x1CMXVhtWEAMS7pNNONyA14f71VPQN9Cnavj1XQh6T7bskqiLLrSca4O0Vr8Wdcga943eThxnVp3JLnBMYtw==",
			"dev": true,
			"optional": true
		},
		"@esbuild/android-arm64": {
			"version": "0.16.17",
			"resolved": "https://registry.npmjs.org/@esbuild/android-arm64/-/android-arm64-0.16.17.tgz",
			"integrity": "sha512-MIGl6p5sc3RDTLLkYL1MyL8BMRN4tLMRCn+yRJJmEDvYZ2M7tmAf80hx1kbNEUX2KJ50RRtxZ4JHLvCfuB6kBg==",
			"dev": true,
			"optional": true
		},
		"@esbuild/android-x64": {
			"version": "0.16.17",
			"resolved": "https://registry.npmjs.org/@esbuild/android-x64/-/android-x64-0.16.17.tgz",
			"integrity": "sha512-a3kTv3m0Ghh4z1DaFEuEDfz3OLONKuFvI4Xqczqx4BqLyuFaFkuaG4j2MtA6fuWEFeC5x9IvqnX7drmRq/fyAQ==",
			"dev": true,
			"optional": true
		},
		"@esbuild/darwin-arm64": {
			"version": "0.16.17",
			"resolved": "https://registry.npmjs.org/@esbuild/darwin-arm64/-/darwin-arm64-0.16.17.tgz",
			"integrity": "sha512-/2agbUEfmxWHi9ARTX6OQ/KgXnOWfsNlTeLcoV7HSuSTv63E4DqtAc+2XqGw1KHxKMHGZgbVCZge7HXWX9Vn+w==",
			"dev": true,
			"optional": true
		},
		"@esbuild/darwin-x64": {
			"version": "0.16.17",
			"resolved": "https://registry.npmjs.org/@esbuild/darwin-x64/-/darwin-x64-0.16.17.tgz",
			"integrity": "sha512-2By45OBHulkd9Svy5IOCZt376Aa2oOkiE9QWUK9fe6Tb+WDr8hXL3dpqi+DeLiMed8tVXspzsTAvd0jUl96wmg==",
			"dev": true,
			"optional": true
		},
		"@esbuild/freebsd-arm64": {
			"version": "0.16.17",
			"resolved": "https://registry.npmjs.org/@esbuild/freebsd-arm64/-/freebsd-arm64-0.16.17.tgz",
			"integrity": "sha512-mt+cxZe1tVx489VTb4mBAOo2aKSnJ33L9fr25JXpqQqzbUIw/yzIzi+NHwAXK2qYV1lEFp4OoVeThGjUbmWmdw==",
			"dev": true,
			"optional": true
		},
		"@esbuild/freebsd-x64": {
			"version": "0.16.17",
			"resolved": "https://registry.npmjs.org/@esbuild/freebsd-x64/-/freebsd-x64-0.16.17.tgz",
			"integrity": "sha512-8ScTdNJl5idAKjH8zGAsN7RuWcyHG3BAvMNpKOBaqqR7EbUhhVHOqXRdL7oZvz8WNHL2pr5+eIT5c65kA6NHug==",
			"dev": true,
			"optional": true
		},
		"@esbuild/linux-arm": {
			"version": "0.16.17",
			"resolved": "https://registry.npmjs.org/@esbuild/linux-arm/-/linux-arm-0.16.17.tgz",
			"integrity": "sha512-iihzrWbD4gIT7j3caMzKb/RsFFHCwqqbrbH9SqUSRrdXkXaygSZCZg1FybsZz57Ju7N/SHEgPyaR0LZ8Zbe9gQ==",
			"dev": true,
			"optional": true
		},
		"@esbuild/linux-arm64": {
			"version": "0.16.17",
			"resolved": "https://registry.npmjs.org/@esbuild/linux-arm64/-/linux-arm64-0.16.17.tgz",
			"integrity": "sha512-7S8gJnSlqKGVJunnMCrXHU9Q8Q/tQIxk/xL8BqAP64wchPCTzuM6W3Ra8cIa1HIflAvDnNOt2jaL17vaW+1V0g==",
			"dev": true,
			"optional": true
		},
		"@esbuild/linux-ia32": {
			"version": "0.16.17",
			"resolved": "https://registry.npmjs.org/@esbuild/linux-ia32/-/linux-ia32-0.16.17.tgz",
			"integrity": "sha512-kiX69+wcPAdgl3Lonh1VI7MBr16nktEvOfViszBSxygRQqSpzv7BffMKRPMFwzeJGPxcio0pdD3kYQGpqQ2SSg==",
			"dev": true,
			"optional": true
		},
		"@esbuild/linux-loong64": {
			"version": "0.16.17",
			"resolved": "https://registry.npmjs.org/@esbuild/linux-loong64/-/linux-loong64-0.16.17.tgz",
			"integrity": "sha512-dTzNnQwembNDhd654cA4QhbS9uDdXC3TKqMJjgOWsC0yNCbpzfWoXdZvp0mY7HU6nzk5E0zpRGGx3qoQg8T2DQ==",
			"dev": true,
			"optional": true
		},
		"@esbuild/linux-mips64el": {
			"version": "0.16.17",
			"resolved": "https://registry.npmjs.org/@esbuild/linux-mips64el/-/linux-mips64el-0.16.17.tgz",
			"integrity": "sha512-ezbDkp2nDl0PfIUn0CsQ30kxfcLTlcx4Foz2kYv8qdC6ia2oX5Q3E/8m6lq84Dj/6b0FrkgD582fJMIfHhJfSw==",
			"dev": true,
			"optional": true
		},
		"@esbuild/linux-ppc64": {
			"version": "0.16.17",
			"resolved": "https://registry.npmjs.org/@esbuild/linux-ppc64/-/linux-ppc64-0.16.17.tgz",
			"integrity": "sha512-dzS678gYD1lJsW73zrFhDApLVdM3cUF2MvAa1D8K8KtcSKdLBPP4zZSLy6LFZ0jYqQdQ29bjAHJDgz0rVbLB3g==",
			"dev": true,
			"optional": true
		},
		"@esbuild/linux-riscv64": {
			"version": "0.16.17",
			"resolved": "https://registry.npmjs.org/@esbuild/linux-riscv64/-/linux-riscv64-0.16.17.tgz",
			"integrity": "sha512-ylNlVsxuFjZK8DQtNUwiMskh6nT0vI7kYl/4fZgV1llP5d6+HIeL/vmmm3jpuoo8+NuXjQVZxmKuhDApK0/cKw==",
			"dev": true,
			"optional": true
		},
		"@esbuild/linux-s390x": {
			"version": "0.16.17",
			"resolved": "https://registry.npmjs.org/@esbuild/linux-s390x/-/linux-s390x-0.16.17.tgz",
			"integrity": "sha512-gzy7nUTO4UA4oZ2wAMXPNBGTzZFP7mss3aKR2hH+/4UUkCOyqmjXiKpzGrY2TlEUhbbejzXVKKGazYcQTZWA/w==",
			"dev": true,
			"optional": true
		},
		"@esbuild/linux-x64": {
			"version": "0.16.17",
			"resolved": "https://registry.npmjs.org/@esbuild/linux-x64/-/linux-x64-0.16.17.tgz",
			"integrity": "sha512-mdPjPxfnmoqhgpiEArqi4egmBAMYvaObgn4poorpUaqmvzzbvqbowRllQ+ZgzGVMGKaPkqUmPDOOFQRUFDmeUw==",
			"dev": true,
			"optional": true
		},
		"@esbuild/netbsd-x64": {
			"version": "0.16.17",
			"resolved": "https://registry.npmjs.org/@esbuild/netbsd-x64/-/netbsd-x64-0.16.17.tgz",
			"integrity": "sha512-/PzmzD/zyAeTUsduZa32bn0ORug+Jd1EGGAUJvqfeixoEISYpGnAezN6lnJoskauoai0Jrs+XSyvDhppCPoKOA==",
			"dev": true,
			"optional": true
		},
		"@esbuild/openbsd-x64": {
			"version": "0.16.17",
			"resolved": "https://registry.npmjs.org/@esbuild/openbsd-x64/-/openbsd-x64-0.16.17.tgz",
			"integrity": "sha512-2yaWJhvxGEz2RiftSk0UObqJa/b+rIAjnODJgv2GbGGpRwAfpgzyrg1WLK8rqA24mfZa9GvpjLcBBg8JHkoodg==",
			"dev": true,
			"optional": true
		},
		"@esbuild/sunos-x64": {
			"version": "0.16.17",
			"resolved": "https://registry.npmjs.org/@esbuild/sunos-x64/-/sunos-x64-0.16.17.tgz",
			"integrity": "sha512-xtVUiev38tN0R3g8VhRfN7Zl42YCJvyBhRKw1RJjwE1d2emWTVToPLNEQj/5Qxc6lVFATDiy6LjVHYhIPrLxzw==",
			"dev": true,
			"optional": true
		},
		"@esbuild/win32-arm64": {
			"version": "0.16.17",
			"resolved": "https://registry.npmjs.org/@esbuild/win32-arm64/-/win32-arm64-0.16.17.tgz",
			"integrity": "sha512-ga8+JqBDHY4b6fQAmOgtJJue36scANy4l/rL97W+0wYmijhxKetzZdKOJI7olaBaMhWt8Pac2McJdZLxXWUEQw==",
			"dev": true,
			"optional": true
		},
		"@esbuild/win32-ia32": {
			"version": "0.16.17",
			"resolved": "https://registry.npmjs.org/@esbuild/win32-ia32/-/win32-ia32-0.16.17.tgz",
			"integrity": "sha512-WnsKaf46uSSF/sZhwnqE4L/F89AYNMiD4YtEcYekBt9Q7nj0DiId2XH2Ng2PHM54qi5oPrQ8luuzGszqi/veig==",
			"dev": true,
			"optional": true
		},
		"@esbuild/win32-x64": {
			"version": "0.16.17",
			"resolved": "https://registry.npmjs.org/@esbuild/win32-x64/-/win32-x64-0.16.17.tgz",
			"integrity": "sha512-y+EHuSchhL7FjHgvQL/0fnnFmO4T1bhvWANX6gcnqTjtnKWbTvUMCpGnv2+t+31d7RzyEAYAd4u2fnIhHL6N/Q==",
			"dev": true,
			"optional": true
		},
		"@jridgewell/sourcemap-codec": {
			"version": "1.4.14",
			"resolved": "https://registry.npmjs.org/@jridgewell/sourcemap-codec/-/sourcemap-codec-1.4.14.tgz",
			"integrity": "sha512-XPSJHWmi394fuUuzDnGz1wiKqWfo1yXecHQMRf2l6hztTO+nPru658AyDngaBe7isIxEkRsPR3FZh+s7iVa4Uw==",
			"dev": true
		},
		"@polka/url": {
			"version": "1.0.0-next.21",
			"resolved": "https://registry.npmjs.org/@polka/url/-/url-1.0.0-next.21.tgz",
			"integrity": "sha512-a5Sab1C4/icpTZVzZc5Ghpz88yQtGOyNqYXcZgOssB2uuAr+wF/MvN6bgtW32q7HHrvBki+BsZ0OuNv6EV3K9g==",
			"dev": true
		},
		"@sveltejs/kit": {
			"version": "1.7.2",
			"resolved": "https://registry.npmjs.org/@sveltejs/kit/-/kit-1.7.2.tgz",
			"integrity": "sha512-qU/kbupIhsA1JA0GIN4cGa6XrhzPc99Z4agsEDeGPMy7qQqYCuFcIL2MLEH+tfqPUCu4m3FQ6ULVSUIVCnHj+A==",
			"dev": true,
			"requires": {
				"@sveltejs/vite-plugin-svelte": "^2.0.0",
				"@types/cookie": "^0.5.1",
				"cookie": "^0.5.0",
				"devalue": "^4.2.3",
				"esm-env": "^1.0.0",
				"kleur": "^4.1.5",
				"magic-string": "^0.29.0",
				"mime": "^3.0.0",
				"sade": "^1.8.1",
				"set-cookie-parser": "^2.5.1",
				"sirv": "^2.0.2",
				"tiny-glob": "^0.2.9",
				"undici": "5.19.1"
			}
		},
		"@sveltejs/vite-plugin-svelte": {
			"version": "2.0.2",
			"resolved": "https://registry.npmjs.org/@sveltejs/vite-plugin-svelte/-/vite-plugin-svelte-2.0.2.tgz",
			"integrity": "sha512-xCEan0/NNpQuL0l5aS42FjwQ6wwskdxC3pW1OeFtEKNZwRg7Evro9lac9HesGP6TdFsTv2xMes5ASQVKbCacxg==",
			"dev": true,
			"requires": {
				"debug": "^4.3.4",
				"deepmerge": "^4.2.2",
				"kleur": "^4.1.5",
				"magic-string": "^0.27.0",
				"svelte-hmr": "^0.15.1",
				"vitefu": "^0.2.3"
			},
			"dependencies": {
				"magic-string": {
					"version": "0.27.0",
					"resolved": "https://registry.npmjs.org/magic-string/-/magic-string-0.27.0.tgz",
					"integrity": "sha512-8UnnX2PeRAPZuN12svgR9j7M1uWMovg/CEnIwIG0LFkXSJJe4PdfUGiTGl8V9bsBHFUtfVINcSyYxd7q+kx9fA==",
					"dev": true,
					"requires": {
						"@jridgewell/sourcemap-codec": "^1.4.13"
					}
				}
			}
		},
		"@types/cookie": {
			"version": "0.5.1",
			"resolved": "https://registry.npmjs.org/@types/cookie/-/cookie-0.5.1.tgz",
			"integrity": "sha512-COUnqfB2+ckwXXSFInsFdOAWQzCCx+a5hq2ruyj+Vjund94RJQd4LG2u9hnvJrTgunKAaax7ancBYlDrNYxA0g==",
			"dev": true
		},
		"busboy": {
			"version": "1.6.0",
			"resolved": "https://registry.npmjs.org/busboy/-/busboy-1.6.0.tgz",
			"integrity": "sha512-8SFQbg/0hQ9xy3UNTB0YEnsNBbWfhf7RtnzpL7TkBiTBRfrQ9Fxcnz7VJsleJpyp6rVLvXiuORqjlHi5q+PYuA==",
			"dev": true,
			"requires": {
				"streamsearch": "^1.1.0"
			}
		},
		"cookie": {
			"version": "0.5.0",
			"resolved": "https://registry.npmjs.org/cookie/-/cookie-0.5.0.tgz",
			"integrity": "sha512-YZ3GUyn/o8gfKJlnlX7g7xq4gyO6OSuhGPKaaGssGB2qgDUS0gPgtTvoyZLTt9Ab6dC4hfc9dV5arkvc/OCmrw==",
			"dev": true
		},
		"debug": {
			"version": "4.3.4",
			"resolved": "https://registry.npmjs.org/debug/-/debug-4.3.4.tgz",
			"integrity": "sha512-PRWFHuSU3eDtQJPvnNY7Jcket1j0t5OuOsFzPPzsekD52Zl8qUfFIPEiswXqIvHWGVHOgX+7G/vCNNhehwxfkQ==",
			"dev": true,
			"requires": {
				"ms": "2.1.2"
			}
		},
		"deepmerge": {
			"version": "4.3.0",
			"resolved": "https://registry.npmjs.org/deepmerge/-/deepmerge-4.3.0.tgz",
			"integrity": "sha512-z2wJZXrmeHdvYJp/Ux55wIjqo81G5Bp4c+oELTW+7ar6SogWHajt5a9gO3s3IDaGSAXjDk0vlQKN3rms8ab3og==",
			"dev": true
		},
		"devalue": {
			"version": "4.3.0",
			"resolved": "https://registry.npmjs.org/devalue/-/devalue-4.3.0.tgz",
			"integrity": "sha512-n94yQo4LI3w7erwf84mhRUkUJfhLoCZiLyoOZ/QFsDbcWNZePrLwbQpvZBUG2TNxwV3VjCKPxkiiQA6pe3TrTA==",
			"dev": true
		},
		"esbuild": {
			"version": "0.16.17",
			"resolved": "https://registry.npmjs.org/esbuild/-/esbuild-0.16.17.tgz",
			"integrity": "sha512-G8LEkV0XzDMNwXKgM0Jwu3nY3lSTwSGY6XbxM9cr9+s0T/qSV1q1JVPBGzm3dcjhCic9+emZDmMffkwgPeOeLg==",
			"dev": true,
			"requires": {
				"@esbuild/android-arm": "0.16.17",
				"@esbuild/android-arm64": "0.16.17",
				"@esbuild/android-x64": "0.16.17",
				"@esbuild/darwin-arm64": "0.16.17",
				"@esbuild/darwin-x64": "0.16.17",
				"@esbuild/freebsd-arm64": "0.16.17",
				"@esbuild/freebsd-x64": "0.16.17",
				"@esbuild/linux-arm": "0.16.17",
				"@esbuild/linux-arm64": "0.16.17",
				"@esbuild/linux-ia32": "0.16.17",
				"@esbuild/linux-loong64": "0.16.17",
				"@esbuild/linux-mips64el": "0.16.17",
				"@esbuild/linux-ppc64": "0.16.17",
				"@esbuild/linux-riscv64": "0.16.17",
				"@esbuild/linux-s390x": "0.16.17",
				"@esbuild/linux-x64": "0.16.17",
				"@esbuild/netbsd-x64": "0.16.17",
				"@esbuild/openbsd-x64": "0.16.17",
				"@esbuild/sunos-x64": "0.16.17",
				"@esbuild/win32-arm64": "0.16.17",
				"@esbuild/win32-ia32": "0.16.17",
				"@esbuild/win32-x64": "0.16.17"
			}
		},
		"esbuild-wasm": {
			"version": "0.17.9",
			"resolved": "https://registry.npmjs.org/esbuild-wasm/-/esbuild-wasm-0.17.9.tgz",
			"integrity": "sha512-bCCseuU9ZflAqfItl1beWy9kjpbMsCBKzyGQbgk7B6M3m3FGuZNPCF368CWe9bHAAtUMfbILRxyWsNgjIRXFJg==",
			"dev": true
		},
		"esm-env": {
			"version": "1.0.0",
			"resolved": "https://registry.npmjs.org/esm-env/-/esm-env-1.0.0.tgz",
			"integrity": "sha512-Cf6VksWPsTuW01vU9Mk/3vRue91Zevka5SjyNf3nEpokFRuqt/KjUQoGAwq9qMmhpLTHmXzSIrFRw8zxWzmFBA==",
			"dev": true
		},
		"fsevents": {
			"version": "2.3.2",
			"resolved": "https://registry.npmjs.org/fsevents/-/fsevents-2.3.2.tgz",
			"integrity": "sha512-xiqMQR4xAeHTuB9uWm+fFRcIOgKBMiOBP+eXiyT7jsgVCq1bkVygt00oASowB7EdtpOHaaPgKt812P9ab+DDKA==",
			"dev": true,
			"optional": true
		},
		"function-bind": {
			"version": "1.1.1",
			"resolved": "https://registry.npmjs.org/function-bind/-/function-bind-1.1.1.tgz",
			"integrity": "sha512-yIovAzMX49sF8Yl58fSCWJ5svSLuaibPxXQJFLmBObTuCr0Mf1KiPopGM9NiFjiYBCbfaa2Fh6breQ6ANVTI0A==",
			"dev": true
		},
		"globalyzer": {
			"version": "0.1.0",
			"resolved": "https://registry.npmjs.org/globalyzer/-/globalyzer-0.1.0.tgz",
			"integrity": "sha512-40oNTM9UfG6aBmuKxk/giHn5nQ8RVz/SS4Ir6zgzOv9/qC3kKZ9v4etGTcJbEl/NyVQH7FGU7d+X1egr57Md2Q==",
			"dev": true
		},
		"globrex": {
			"version": "0.1.2",
			"resolved": "https://registry.npmjs.org/globrex/-/globrex-0.1.2.tgz",
			"integrity": "sha512-uHJgbwAMwNFf5mLst7IWLNg14x1CkeqglJb/K3doi4dw6q2IvAAmM/Y81kevy83wP+Sst+nutFTYOGg3d1lsxg==",
			"dev": true
		},
		"has": {
			"version": "1.0.3",
			"resolved": "https://registry.npmjs.org/has/-/has-1.0.3.tgz",
			"integrity": "sha512-f2dvO0VU6Oej7RkWJGrehjbzMAjFp5/VKPp5tTpWIV4JHHZK1/BxbFRtf/siA2SWTe09caDmVtYYzWEIbBS4zw==",
			"dev": true,
			"requires": {
				"function-bind": "^1.1.1"
			}
		},
		"is-core-module": {
			"version": "2.11.0",
			"resolved": "https://registry.npmjs.org/is-core-module/-/is-core-module-2.11.0.tgz",
			"integrity": "sha512-RRjxlvLDkD1YJwDbroBHMb+cukurkDWNyHx7D3oNB5x9rb5ogcksMC5wHCadcXoo67gVr/+3GFySh3134zi6rw==",
			"dev": true,
			"requires": {
				"has": "^1.0.3"
			}
		},
		"kleur": {
			"version": "4.1.5",
			"resolved": "https://registry.npmjs.org/kleur/-/kleur-4.1.5.tgz",
			"integrity": "sha512-o+NO+8WrRiQEE4/7nwRJhN1HWpVmJm511pBHUxPLtp0BUISzlBplORYSmTclCnJvQq2tKu/sgl3xVpkc7ZWuQQ==",
			"dev": true
		},
		"magic-string": {
			"version": "0.29.0",
			"resolved": "https://registry.npmjs.org/magic-string/-/magic-string-0.29.0.tgz",
			"integrity": "sha512-WcfidHrDjMY+eLjlU+8OvwREqHwpgCeKVBUpQ3OhYYuvfaYCUgcbuBzappNzZvg/v8onU3oQj+BYpkOJe9Iw4Q==",
			"dev": true,
			"requires": {
				"@jridgewell/sourcemap-codec": "^1.4.13"
			}
		},
		"mime": {
			"version": "3.0.0",
			"resolved": "https://registry.npmjs.org/mime/-/mime-3.0.0.tgz",
			"integrity": "sha512-jSCU7/VB1loIWBZe14aEYHU/+1UMEHoaO7qxCOVJOw9GgH72VAWppxNcjU+x9a2k3GSIBXNKxXQFqRvvZ7vr3A==",
			"dev": true
		},
		"mri": {
			"version": "1.2.0",
			"resolved": "https://registry.npmjs.org/mri/-/mri-1.2.0.tgz",
			"integrity": "sha512-tzzskb3bG8LvYGFF/mDTpq3jpI6Q9wc3LEmBaghu+DdCssd1FakN7Bc0hVNmEyGq1bq3RgfkCb3cmQLpNPOroA==",
			"dev": true
		},
		"mrmime": {
			"version": "1.0.1",
			"resolved": "https://registry.npmjs.org/mrmime/-/mrmime-1.0.1.tgz",
			"integrity": "sha512-hzzEagAgDyoU1Q6yg5uI+AorQgdvMCur3FcKf7NhMKWsaYg+RnbTyHRa/9IlLF9rf455MOCtcqqrQQ83pPP7Uw==",
			"dev": true
		},
		"ms": {
			"version": "2.1.2",
			"resolved": "https://registry.npmjs.org/ms/-/ms-2.1.2.tgz",
			"integrity": "sha512-sGkPx+VjMtmA6MX27oA4FBFELFCZZ4S4XqeGOXCv68tT+jb3vk/RyaKWP0PTKyWtmLSM0b+adUTEvbs1PEaH2w==",
			"dev": true
		},
		"nanoid": {
			"version": "3.3.4",
			"resolved": "https://registry.npmjs.org/nanoid/-/nanoid-3.3.4.tgz",
			"integrity": "sha512-MqBkQh/OHTS2egovRtLk45wEyNXwF+cokD+1YPf9u5VfJiRdAiRwB2froX5Co9Rh20xs4siNPm8naNotSD6RBw==",
			"dev": true
		},
		"path-parse": {
			"version": "1.0.7",
			"resolved": "https://registry.npmjs.org/path-parse/-/path-parse-1.0.7.tgz",
			"integrity": "sha512-LDJzPVEEEPR+y48z93A0Ed0yXb8pAByGWo/k5YYdYgpY2/2EsOsksJrq7lOHxryrVOn1ejG6oAp8ahvOIQD8sw==",
			"dev": true
		},
		"picocolors": {
			"version": "1.0.0",
			"resolved": "https://registry.npmjs.org/picocolors/-/picocolors-1.0.0.tgz",
			"integrity": "sha512-1fygroTLlHu66zi26VoTDv8yRgm0Fccecssto+MhsZ0D/DGW2sm8E8AjW7NU5VVTRt5GxbeZ5qBuJr+HyLYkjQ==",
			"dev": true
		},
		"postcss": {
			"version": "8.4.21",
			"resolved": "https://registry.npmjs.org/postcss/-/postcss-8.4.21.tgz",
			"integrity": "sha512-tP7u/Sn/dVxK2NnruI4H9BG+x+Wxz6oeZ1cJ8P6G/PZY0IKk4k/63TDsQf2kQq3+qoJeLm2kIBUNlZe3zgb4Zg==",
			"dev": true,
			"requires": {
				"nanoid": "^3.3.4",
				"picocolors": "^1.0.0",
				"source-map-js": "^1.0.2"
			}
		},
		"resolve": {
			"version": "1.22.1",
			"resolved": "https://registry.npmjs.org/resolve/-/resolve-1.22.1.tgz",
			"integrity": "sha512-nBpuuYuY5jFsli/JIs1oldw6fOQCBioohqWZg/2hiaOybXOft4lonv85uDOKXdf8rhyK159cxU5cDcK/NKk8zw==",
			"dev": true,
			"requires": {
				"is-core-module": "^2.9.0",
				"path-parse": "^1.0.7",
				"supports-preserve-symlinks-flag": "^1.0.0"
			}
		},
		"rollup": {
			"version": "3.17.2",
			"resolved": "https://registry.npmjs.org/rollup/-/rollup-3.17.2.tgz",
			"integrity": "sha512-qMNZdlQPCkWodrAZ3qnJtvCAl4vpQ8q77uEujVCCbC/6CLB7Lcmvjq7HyiOSnf4fxTT9XgsE36oLHJBH49xjqA==",
			"dev": true,
			"requires": {
				"fsevents": "~2.3.2"
			}
		},
		"sade": {
			"version": "1.8.1",
			"resolved": "https://registry.npmjs.org/sade/-/sade-1.8.1.tgz",
			"integrity": "sha512-xal3CZX1Xlo/k4ApwCFrHVACi9fBqJ7V+mwhBsuf/1IOKbBy098Fex+Wa/5QMubw09pSZ/u8EY8PWgevJsXp1A==",
			"dev": true,
			"requires": {
				"mri": "^1.1.0"
			}
		},
		"set-cookie-parser": {
			"version": "2.5.1",
			"resolved": "https://registry.npmjs.org/set-cookie-parser/-/set-cookie-parser-2.5.1.tgz",
			"integrity": "sha512-1jeBGaKNGdEq4FgIrORu/N570dwoPYio8lSoYLWmX7sQ//0JY08Xh9o5pBcgmHQ/MbsYp/aZnOe1s1lIsbLprQ==",
			"dev": true
		},
		"sirv": {
			"version": "2.0.2",
			"resolved": "https://registry.npmjs.org/sirv/-/sirv-2.0.2.tgz",
			"integrity": "sha512-4Qog6aE29nIjAOKe/wowFTxOdmbEZKb+3tsLljaBRzJwtqto0BChD2zzH0LhgCSXiI+V7X+Y45v14wBZQ1TK3w==",
			"dev": true,
			"requires": {
				"@polka/url": "^1.0.0-next.20",
				"mrmime": "^1.0.0",
				"totalist": "^3.0.0"
			}
		},
		"source-map-js": {
			"version": "1.0.2",
			"resolved": "https://registry.npmjs.org/source-map-js/-/source-map-js-1.0.2.tgz",
			"integrity": "sha512-R0XvVJ9WusLiqTCEiGCmICCMplcCkIwwR11mOSD9CR5u+IXYdiseeEuXCVAjS54zqwkLcPNnmU4OeJ6tUrWhDw==",
			"dev": true
		},
		"streamsearch": {
			"version": "1.1.0",
			"resolved": "https://registry.npmjs.org/streamsearch/-/streamsearch-1.1.0.tgz",
			"integrity": "sha512-Mcc5wHehp9aXz1ax6bZUyY5afg9u2rv5cqQI3mRrYkGC8rW2hM02jWuwjtL++LS5qinSyhj2QfLyNsuc+VsExg==",
			"dev": true
		},
		"supports-preserve-symlinks-flag": {
			"version": "1.0.0",
			"resolved": "https://registry.npmjs.org/supports-preserve-symlinks-flag/-/supports-preserve-symlinks-flag-1.0.0.tgz",
			"integrity": "sha512-ot0WnXS9fgdkgIcePe6RHNk1WA8+muPa6cSjeR3V8K27q9BB1rTE3R1p7Hv0z1ZyAc8s6Vvv8DIyWf681MAt0w==",
			"dev": true
		},
		"svelte": {
			"version": "3.55.1",
			"resolved": "https://registry.npmjs.org/svelte/-/svelte-3.55.1.tgz",
			"integrity": "sha512-S+87/P0Ve67HxKkEV23iCdAh/SX1xiSfjF1HOglno/YTbSTW7RniICMCofWGdJJbdjw3S+0PfFb1JtGfTXE0oQ==",
			"dev": true
		},
		"svelte-hmr": {
			"version": "0.15.1",
			"resolved": "https://registry.npmjs.org/svelte-hmr/-/svelte-hmr-0.15.1.tgz",
			"integrity": "sha512-BiKB4RZ8YSwRKCNVdNxK/GfY+r4Kjgp9jCLEy0DuqAKfmQtpL38cQK3afdpjw4sqSs4PLi3jIPJIFp259NkZtA==",
			"dev": true,
			"requires": {}
		},
		"tiny-glob": {
			"version": "0.2.9",
			"resolved": "https://registry.npmjs.org/tiny-glob/-/tiny-glob-0.2.9.tgz",
			"integrity": "sha512-g/55ssRPUjShh+xkfx9UPDXqhckHEsHr4Vd9zX55oSdGZc/MD0m3sferOkwWtp98bv+kcVfEHtRJgBVJzelrzg==",
			"dev": true,
			"requires": {
				"globalyzer": "0.1.0",
				"globrex": "^0.1.2"
			}
		},
		"totalist": {
			"version": "3.0.0",
			"resolved": "https://registry.npmjs.org/totalist/-/totalist-3.0.0.tgz",
			"integrity": "sha512-eM+pCBxXO/njtF7vdFsHuqb+ElbxqtI4r5EAvk6grfAFyJ6IvWlSkfZ5T9ozC6xWw3Fj1fGoSmrl0gUs46JVIw==",
			"dev": true
		},
		"undici": {
			"version": "5.19.1",
			"resolved": "https://registry.npmjs.org/undici/-/undici-5.19.1.tgz",
			"integrity": "sha512-YiZ61LPIgY73E7syxCDxxa3LV2yl3sN8spnIuTct60boiiRaE1J8mNWHO8Im2Zi/sFrPusjLlmRPrsyraSqX6A==",
			"dev": true,
			"requires": {
				"busboy": "^1.6.0"
			}
		},
		"vite": {
			"version": "4.1.3",
			"resolved": "https://registry.npmjs.org/vite/-/vite-4.1.3.tgz",
			"integrity": "sha512-0Zqo4/Fr/swSOBmbl+HAAhOjrqNwju+yTtoe4hQX9UsARdcuc9njyOdr6xU0DDnV7YP0RT6mgTTOiRtZgxfCxA==",
			"dev": true,
			"requires": {
				"esbuild": "^0.16.14",
				"fsevents": "~2.3.2",
				"postcss": "^8.4.21",
				"resolve": "^1.22.1",
				"rollup": "^3.10.0"
			}
		},
		"vitefu": {
			"version": "0.2.4",
			"resolved": "https://registry.npmjs.org/vitefu/-/vitefu-0.2.4.tgz",
			"integrity": "sha512-fanAXjSaf9xXtOOeno8wZXIhgia+CZury481LsDaV++lSvcU2R9Ch2bPh3PYFyoHW+w9LqAeYRISVQjUIew14g==",
			"dev": true,
			"requires": {}
		}
	}
}
